PODS:
  - Kingfisher (4.10.0)
  - MTGSDKSwift (1.0.0)

DEPENDENCIES:
  - Kingfisher
  - MTGSDKSwift (from `git@github.com:intere/mtg-sdk-swift.git`, branch `master`)

EXTERNAL SOURCES:
  MTGSDKSwift:
    :branch: master
    :git: git@github.com:intere/mtg-sdk-swift.git

CHECKOUT OPTIONS:
  MTGSDKSwift:
    :commit: 7be7f4864a5cfeea4385031f2365a3794e68f403
    :git: git@github.com:intere/mtg-sdk-swift.git

SPEC CHECKSUMS:
  Kingfisher: 43c4b802d8b5256cf1f4379e9cd10b329be6d3e2
  MTGSDKSwift: 4d9ce591f930a1e4d8869c178cebdbafe0b9e08a

PODFILE CHECKSUM: ac3c8e6351f467b4cc4a2f4db3c3a4cb0625acb7

COCOAPODS: 1.4.0
