PODS:
  - Kingfisher (4.10.0)
  - MTGSDKSwift (1.0.0)

DEPENDENCIES:
  - Kingfisher
  - MTGSDKSwift (from `git@github.com:intere/mtg-sdk-swift.git`, branch `tvos`)

EXTERNAL SOURCES:
  MTGSDKSwift:
    :branch: tvos
    :git: git@github.com:intere/mtg-sdk-swift.git

CHECKOUT OPTIONS:
  MTGSDKSwift:
    :commit: df235cfa6d345655113dc3c0eca23a32a17af36c
    :git: git@github.com:intere/mtg-sdk-swift.git

SPEC CHECKSUMS:
  Kingfisher: 43c4b802d8b5256cf1f4379e9cd10b329be6d3e2
  MTGSDKSwift: 8ce5aa8d4909de5b0ad93cada5a9e5a4d06b7219

PODFILE CHECKSUM: 1464898b08bf2b49bf425f19a754690892b04103

COCOAPODS: 1.4.0
