PODS:
  - MTGSDKSwift (1.0.0)

DEPENDENCIES:
  - MTGSDKSwift (from `git@github.com:intere/mtg-sdk-swift.git`, branch `master`)

EXTERNAL SOURCES:
  MTGSDKSwift:
    :branch: master
    :git: git@github.com:intere/mtg-sdk-swift.git

CHECKOUT OPTIONS:
  MTGSDKSwift:
    :commit: 31d42ec914bed5f69754d0e0689ee85dc18b54fc
    :git: git@github.com:intere/mtg-sdk-swift.git

SPEC CHECKSUMS:
  MTGSDKSwift: 4d9ce591f930a1e4d8869c178cebdbafe0b9e08a

PODFILE CHECKSUM: de25c8fa1893eb4a9e7e0dc44ca47183a4bd8f02

COCOAPODS: 1.4.0
